
Microsoft Visual Studio Solution File, Format Version 12.00
# Visual Studio Version 17
VisualStudioVersion = 17.0.31903.59
MinimumVisualStudioVersion = 10.0.40219.1
Project("{9A19103F-16F7-4668-BE54-9A1E7A4F7556}") = "LongestCommonPrefix", "14. Longest Common Prefix\LongestCommonPrefix\LongestCommonPrefix.csproj", "{4109CB84-D2EC-47C6-911E-FCE4A328FCE8}"
EndProject
Global
	GlobalSection(SolutionConfigurationPlatforms) = preSolution
		Debug|Any CPU = Debug|Any CPU
		Release|Any CPU = Release|Any CPU
	EndGlobalSection
	GlobalSection(ProjectConfigurationPlatforms) = postSolution
		{4109CB84-D2EC-47C6-911E-FCE4A328FCE8}.Debug|Any CPU.ActiveCfg = Debug|Any CPU
		{4109CB84-D2EC-47C6-911E-FCE4A328FCE8}.Debug|Any CPU.Build.0 = Debug|Any CPU
		{4109CB84-D2EC-47C6-911E-FCE4A328FCE8}.Release|Any CPU.ActiveCfg = Release|Any CPU
		{4109CB84-D2EC-47C6-911E-FCE4A328FCE8}.Release|Any CPU.Build.0 = Release|Any CPU
	EndGlobalSection
	GlobalSection(SolutionProperties) = preSolution
		HideSolutionNode = FALSE
	EndGlobalSection
	GlobalSection(ExtensibilityGlobals) = postSolution
		SolutionGuid = {06154581-5890-420D-973F-7CAF4584E7A4}
	EndGlobalSection
EndGlobal
